
Microsoft Visual Studio Solution File, Format Version 12.00
# Visual Studio Version 16
VisualStudioVersion = 16.0.31205.134
MinimumVisualStudioVersion = 10.0.40219.1
Project("{FAE04EC0-301F-11D3-BF4B-00C04F79EFBC}") = "nameGenerator", "nameGenerator\nameGenerator.csproj", "{463683E6-C792-44D4-8BF3-D343F1A77B33}"
EndProject
Global
	GlobalSection(SolutionConfigurationPlatforms) = preSolution
		Debug|Any CPU = Debug|Any CPU
		Release|Any CPU = Release|Any CPU
	EndGlobalSection
	GlobalSection(ProjectConfigurationPlatforms) = postSolution
		{463683E6-C792-44D4-8BF3-D343F1A77B33}.Debug|Any CPU.ActiveCfg = Debug|Any CPU
		{463683E6-C792-44D4-8BF3-D343F1A77B33}.Debug|Any CPU.Build.0 = Debug|Any CPU
		{463683E6-C792-44D4-8BF3-D343F1A77B33}.Release|Any CPU.ActiveCfg = Release|Any CPU
		{463683E6-C792-44D4-8BF3-D343F1A77B33}.Release|Any CPU.Build.0 = Release|Any CPU
	EndGlobalSection
	GlobalSection(SolutionProperties) = preSolution
		HideSolutionNode = FALSE
	EndGlobalSection
	GlobalSection(ExtensibilityGlobals) = postSolution
		SolutionGuid = {6EAC3A8A-C3F7-4896-AD4F-35F5190F1A18}
	EndGlobalSection
EndGlobal
